lockfileVersion: '9.0'

settings:
  autoInstallPeers: true
  excludeLinksFromLockfile: false

importers:

  .:
    dependencies:
      '@supabase/supabase-js':
        specifier: ^2.117.0
        version: 2.117.0
      prosemirror-commands:
        specifier: ^1.7.1
        version: 1.7.2
      prosemirror-history:
        specifier: ^1.4.1
        version: 1.5.0
      prosemirror-keymap:
        specifier: ^1.2.3
        version: 1.2.3
      prosemirror-model:
        specifier: ^1.25.2
        version: 1.25.12
      prosemirror-schema-basic:
        specifier: ^1.2.4
        version: 1.2.4
      prosemirror-state:
        specifier: ^1.4.3
        version: 1.4.4
      prosemirror-view:
        specifier: ^1.41.3
        version: 1.42.5
    devDependencies:
      playwright:
        specifier: ^1.55.0
        version: 1.63.0
      typescript:
        specifier: ^5.9.2
        version: 5.9.3

packages:

  '@supabase/auth-js@2.117.0':
    resolution: {integrity: sha512-mmKfXHkZ+93fJ57yxMnJ+h+psiHIEBLzqZNgNu7yE7/kNxAKXkKxz/BZO/Ht0NJiMztFICvA+7xOLbIrK723qQ==}
    engines: {node: '>=22.0.0'}

  '@supabase/functions-js@2.117.0':
    resolution: {integrity: sha512-RC3kdN0DZS8gyLsTDhWCc6xg5FKAyMNz/xt5KD7PSC+PB/7/NhFPo6YrMZu+3xsQMFdOWuVaBlHYdPwdmhqx/w==}
    engines: {node: '>=22.0.0'}

  '@supabase/phoenix@0.4.5':
    resolution: {integrity: sha512-aAn9H9ovVyeApKy11OWOrrOGq8DV68yWeH4ud2lN9fzn4aO8Zb5GLL9m1pUg9nLqIcT+ZDfAcsZe0E/nqdv2lw==}

  '@supabase/postgrest-js@2.117.0':
    resolution: {integrity: sha512-KG2+dYIkTzOjR8f0Xza3uXzKB6bHQOIjMTJhHuNNSUK0C6zdtd4A8LBjxpPB9R5I95xuN1CCdlIEJTkZ5g8LBA==}
    engines: {node: '>=22.0.0'}

  '@supabase/realtime-js@2.117.0':
    resolution: {integrity: sha512-E+hovHDWTpoOQHCMWdOwahvJmD7M/Vgj8cQTwLMPlEFvTO7wV8zBhrM9iUnKReurpGpl9u6MGbbjBeQJTEE1Kg==}
    engines: {node: '>=22.0.0'}

  '@supabase/storage-js@2.117.0':
    resolution: {integrity: sha512-jFn8MTRKhUls5yzfYogPqItNH0jwzlLvdhAO2nBKRMzQuvI9BgNM2BabcGSxcDAcyEACGEjeIBXjxRfIb8OI5Q==}
    engines: {node: '>=22.0.0'}

  '@supabase/supabase-js@2.117.0':
    resolution: {integrity: sha512-c9ASbrLEqFBTWIxF4aXuK4hVgdIH+kA6BsT6xjDkXuFYQkGBWL4OqirstgzhS30gr0Vlfbur6F8jlUfWkCy2dw==}
    engines: {node: '>=22.0.0'}
    peerDependencies:
      '@opentelemetry/api': '>=1.0.0'
    peerDependenciesMeta:
      '@opentelemetry/api':
        optional: true

  iceberg-js@0.8.1:
    resolution: {integrity: sha512-1dhVQZXhcHje7798IVM+xoo/1ZdVfzOMIc8/rgVSijRK38EDqOJoGula9N/8ZI5RD8QTxNQtK/Gozpr+qUqRRA==}
    engines: {node: '>=20.0.0'}

  orderedmap@2.1.1:
    resolution: {integrity: sha512-TvAWxi0nDe1j/rtMcWcIj94+Ffe6n7zhow33h40SKxmsmozs6dz/e+EajymfoFcHd7sxNn8yHM8839uixMOV6g==}

  playwright-core@1.63.0:
    resolution: {integrity: sha512-rYCsBF/M5HjUch52bbtVONEFjv6Xu8sm8h72dNlR5bzIE1fvC/bxgspzkjSfU+MweEMmPM8KJebG6nnyxo5mCg==}
    engines: {node: '>=20'}
    hasBin: true

  playwright@1.63.0:
    resolution: {integrity: sha512-+7ziBLidS4NaNCdt57SUDT+wYmmd5fmiQejUic/kb+YsYSCPyOOE9sebzMjNmQrsnNpDJqd4WHvV/8lfKfUDUg==}
    engines: {node: '>=20'}
    hasBin: true

  prosemirror-commands@1.7.2:
    resolution: {integrity: sha512-q6Q6szxqdu9Xd6EcdKsqXghu5nQdZTpB4Q9yd04WRc7/jt763e/rT60Owh0L1GYY+T46o5rD+9lEN36dZS43tw==}

  prosemirror-history@1.5.0:
    resolution: {integrity: sha512-zlzTiH01eKA55UAf1MEjtssJeHnGxO0j4K4Dpx+gnmX9n+SHNlDqI2oO1Kv1iPN5B1dm5fsljCfqKF9nFL6HRg==}

  prosemirror-keymap@1.2.3:
    resolution: {integrity: sha512-4HucRlpiLd1IPQQXNqeo81BGtkY8Ai5smHhKW9jjPKRc2wQIxksg7Hl1tTI2IfT2B/LgX6bfYvXxEpJl7aKYKw==}

  prosemirror-model@1.25.12:
    resolution: {integrity: sha512-Ue2gTmXMa7EhpLNhC7J+h4+ykD8ha12K6rrZFFKKJHBForfIStw5gJ6Zrf1mqqAa9NmpmEB4wp9bKmA4eUVjWg==}

  prosemirror-schema-basic@1.2.4:
    resolution: {integrity: sha512-ELxP4TlX3yr2v5rM7Sb70SqStq5NvI15c0j9j/gjsrO5vaw+fnnpovCLEGIcpeGfifkuqJwl4fon6b+KdrODYQ==}

  prosemirror-state@1.4.4:
    resolution: {integrity: sha512-6jiYHH2CIGbCfnxdHbXZ12gySFY/fz/ulZE333G6bPqIZ4F+TXo9ifiR86nAHpWnfoNjOb3o5ESi7J8Uz1jXHw==}

  prosemirror-transform@1.12.1:
    resolution: {integrity: sha512-t4F5615FycnCqsX7ShTUs8+jfnwcf46kuFRvSl/3qFx2QTZ4DjgowesLHQXcFP7G//TjesqZG3WtgL7vdyVJyA==}

  prosemirror-view@1.42.5:
    resolution: {integrity: sha512-7qcRaCWM48NC4utNQnx5Obvvs48/jMHXXvOXHH6WlBojmiK15eyxoHYlv5aJARHJHiFccSuWZ7ULW2SPrFAS/g==}

  rope-sequence@1.3.4:
    resolution: {integrity: sha512-UT5EDe2cu2E/6O4igUr5PSFs23nvvukicWHx6GnOPlHAiiYbzNuCRQCuiUdHJQcqKalLKlrYJnjY0ySGsXNQXQ==}

  tslib@2.8.1:
    resolution: {integrity: sha512-oJFu94HQb+KVduSUQL7wnpmqnfmLsOA/nAh6b6EH0wCEoK0/mPeXU6c3wKDV83MkOuHPRHtSXKKU99IBazS/2w==}

  typescript@5.9.3:
    resolution: {integrity: sha512-jl1vZzPDinLr9eUt3J/t7V6FgNEw9QjvBPdysz9KfQDD41fQrC2Y4vKQdiaUpFT4bXlb1RHhLpp8wtm6M5TgSw==}
    engines: {node: '>=14.17'}
    hasBin: true

  w3c-keyname@2.2.8:
    resolution: {integrity: sha512-dpojBhNsCNN7T82Tm7k26A6G9ML3NkhDsnw9n/eoxSRlVBB4CEtIQ/KTCLI2Fwf3ataSXRhYFkQi3SlnFwPvPQ==}

snapshots:

  '@supabase/auth-js@2.117.0':
    dependencies:
      tslib: 2.8.1

  '@supabase/functions-js@2.117.0':
    dependencies:
      tslib: 2.8.1

  '@supabase/phoenix@0.4.5': {}

  '@supabase/postgrest-js@2.117.0':
    dependencies:
      tslib: 2.8.1

  '@supabase/realtime-js@2.117.0':
    dependencies:
      '@supabase/phoenix': 0.4.5
      tslib: 2.8.1

  '@supabase/storage-js@2.117.0':
    dependencies:
      iceberg-js: 0.8.1
      tslib: 2.8.1

  '@supabase/supabase-js@2.117.0':
    dependencies:
      '@supabase/auth-js': 2.117.0
      '@supabase/functions-js': 2.117.0
      '@supabase/postgrest-js': 2.117.0
      '@supabase/realtime-js': 2.117.0
      '@supabase/storage-js': 2.117.0

  iceberg-js@0.8.1: {}

  orderedmap@2.1.1: {}

  playwright-core@1.63.0: {}

  playwright@1.63.0:
    dependencies:
      playwright-core: 1.63.0

  prosemirror-commands@1.7.2:
    dependencies:
      prosemirror-model: 1.25.12
      prosemirror-state: 1.4.4
      prosemirror-transform: 1.12.1

  prosemirror-history@1.5.0:
    dependencies:
      prosemirror-state: 1.4.4
      prosemirror-transform: 1.12.1
      prosemirror-view: 1.42.5
      rope-sequence: 1.3.4

  prosemirror-keymap@1.2.3:
    dependencies:
      prosemirror-state: 1.4.4
      w3c-keyname: 2.2.8

  prosemirror-model@1.25.12:
    dependencies:
      orderedmap: 2.1.1

  prosemirror-schema-basic@1.2.4:
    dependencies:
      prosemirror-model: 1.25.12

  prosemirror-state@1.4.4:
    dependencies:
      prosemirror-model: 1.25.12
      prosemirror-transform: 1.12.1
      prosemirror-view: 1.42.5

  prosemirror-transform@1.12.1:
    dependencies:
      prosemirror-model: 1.25.12

  prosemirror-view@1.42.5:
    dependencies:
      prosemirror-model: 1.25.12
      prosemirror-state: 1.4.4
      prosemirror-transform: 1.12.1

  rope-sequence@1.3.4: {}

  tslib@2.8.1: {}

  typescript@5.9.3: {}

  w3c-keyname@2.2.8: {}
